
Microsoft Visual Studio Solution File, Format Version 12.00
# Visual Studio Version 17
VisualStudioVersion = 17.9.34622.214
MinimumVisualStudioVersion = 10.0.40219.1
Project("{FAE04EC0-301F-11D3-BF4B-00C04F79EFBC}") = "Map_Skeleton", "Map_Skeleton\Map_Skeleton.csproj", "{384E17CA-A99E-4E7B-BEB1-92A4215920A1}"
EndProject
Project("{FAE04EC0-301F-11D3-BF4B-00C04F79EFBC}") = "TestMap", "TestMap\TestMap.csproj", "{9248C654-8247-4E5F-971A-30D105C3574D}"
EndProject
Global
	GlobalSection(SolutionConfigurationPlatforms) = preSolution
		Debug|Any CPU = Debug|Any CPU
		Release|Any CPU = Release|Any CPU
	EndGlobalSection
	GlobalSection(ProjectConfigurationPlatforms) = postSolution
		{384E17CA-A99E-4E7B-BEB1-92A4215920A1}.Debug|Any CPU.ActiveCfg = Debug|Any CPU
		{384E17CA-A99E-4E7B-BEB1-92A4215920A1}.Debug|Any CPU.Build.0 = Debug|Any CPU
		{384E17CA-A99E-4E7B-BEB1-92A4215920A1}.Release|Any CPU.ActiveCfg = Release|Any CPU
		{384E17CA-A99E-4E7B-BEB1-92A4215920A1}.Release|Any CPU.Build.0 = Release|Any CPU
		{9248C654-8247-4E5F-971A-30D105C3574D}.Debug|Any CPU.ActiveCfg = Debug|Any CPU
		{9248C654-8247-4E5F-971A-30D105C3574D}.Debug|Any CPU.Build.0 = Debug|Any CPU
		{9248C654-8247-4E5F-971A-30D105C3574D}.Release|Any CPU.ActiveCfg = Release|Any CPU
		{9248C654-8247-4E5F-971A-30D105C3574D}.Release|Any CPU.Build.0 = Release|Any CPU
	EndGlobalSection
	GlobalSection(SolutionProperties) = preSolution
		HideSolutionNode = FALSE
	EndGlobalSection
	GlobalSection(ExtensibilityGlobals) = postSolution
		SolutionGuid = {02DE118C-B04C-40E5-AA14-27F99509C0F3}
	EndGlobalSection
EndGlobal
